Microsoft Visual Studio Solution File, Format Version 12.00
# Visual Studio Version 17
VisualStudioVersion = 17.5.2.0
MinimumVisualStudioVersion = 10.0.40219.1
Project("{FAE04EC0-301F-11D3-BF4B-00C04F79EFBC}") = "Aiursoft.MusicTools", "Aiursoft.MusicTools.csproj", "{A7FDC740-939F-D312-B27E-C2B4F8EFB2D0}"
EndProject
Global
	GlobalSection(SolutionConfigurationPlatforms) = preSolution
		Debug|Any CPU = Debug|Any CPU
		Release|Any CPU = Release|Any CPU
	EndGlobalSection
	GlobalSection(ProjectConfigurationPlatforms) = postSolution
		{A7FDC740-939F-D312-B27E-C2B4F8EFB2D0}.Debug|Any CPU.ActiveCfg = Debug|Any CPU
		{A7FDC740-939F-D312-B27E-C2B4F8EFB2D0}.Debug|Any CPU.Build.0 = Debug|Any CPU
		{A7FDC740-939F-D312-B27E-C2B4F8EFB2D0}.Release|Any CPU.ActiveCfg = Release|Any CPU
		{A7FDC740-939F-D312-B27E-C2B4F8EFB2D0}.Release|Any CPU.Build.0 = Release|Any CPU
	EndGlobalSection
	GlobalSection(SolutionProperties) = preSolution
		HideSolutionNode = FALSE
	EndGlobalSection
	GlobalSection(ExtensibilityGlobals) = postSolution
		SolutionGuid = {202DBFE0-37A8-4C9A-99CC-24523EC0B647}
	EndGlobalSection
EndGlobal
